
Microsoft Visual Studio Solution File, Format Version 12.00
# Visual Studio 14
VisualStudioVersion = 14.0.24720.0
MinimumVisualStudioVersion = 10.0.40219.1
Project("{2150E333-8FDC-42A3-9474-1A3956D46DE8}") = "Solution Items", "Solution Items", "{D91E3705-DFEE-4335-87C6-386F4F2F965F}"
	ProjectSection(SolutionItems) = preProject
		.gitignore = .gitignore
		CMake_logo.png = CMake_logo.png
		LICENSE.txt = LICENSE.txt
		README.md = README.md
		screenshot.png = screenshot.png
	EndProjectSection
EndProject
Project("{FAE04EC0-301F-11D3-BF4B-00C04F79EFBC}") = "ImplemenationCTestTestAdapter", "ImplemenationCTestTestAdapter\ImplemenationCTestTestAdapter.csproj", "{13AC8C40-02DC-4BC3-B370-A8F401E17DB3}"
EndProject
Project("{FAE04EC0-301F-11D3-BF4B-00C04F79EFBC}") = "CTestTestAdapter", "CTestTestAdapter\CTestTestAdapter.csproj", "{5A028115-0AF8-4132-BE36-A625BB5B8CEE}"
EndProject
Global
	GlobalSection(SolutionConfigurationPlatforms) = preSolution
		Debug|Any CPU = Debug|Any CPU
		Release|Any CPU = Release|Any CPU
	EndGlobalSection
	GlobalSection(ProjectConfigurationPlatforms) = postSolution
		{13AC8C40-02DC-4BC3-B370-A8F401E17DB3}.Debug|Any CPU.ActiveCfg = Debug|Any CPU
		{13AC8C40-02DC-4BC3-B370-A8F401E17DB3}.Debug|Any CPU.Build.0 = Debug|Any CPU
		{13AC8C40-02DC-4BC3-B370-A8F401E17DB3}.Release|Any CPU.ActiveCfg = Release|Any CPU
		{13AC8C40-02DC-4BC3-B370-A8F401E17DB3}.Release|Any CPU.Build.0 = Release|Any CPU
		{5A028115-0AF8-4132-BE36-A625BB5B8CEE}.Debug|Any CPU.ActiveCfg = Debug|Any CPU
		{5A028115-0AF8-4132-BE36-A625BB5B8CEE}.Debug|Any CPU.Build.0 = Debug|Any CPU
		{5A028115-0AF8-4132-BE36-A625BB5B8CEE}.Release|Any CPU.ActiveCfg = Release|Any CPU
		{5A028115-0AF8-4132-BE36-A625BB5B8CEE}.Release|Any CPU.Build.0 = Release|Any CPU
	EndGlobalSection
	GlobalSection(SolutionProperties) = preSolution
		HideSolutionNode = FALSE
	EndGlobalSection
EndGlobal
